
Microsoft Visual Studio Solution File, Format Version 12.00
# Visual Studio 2012
Project("{FAE04EC0-301F-11D3-BF4B-00C04F79EFBC}") = "MRO_Cursach", "MRO_Cursach\MRO_Cursach.csproj", "{26E44F4E-62E7-4405-A99A-AA83D6080AD7}"
EndProject
Global
	GlobalSection(SolutionConfigurationPlatforms) = preSolution
		Debug|x86 = Debug|x86
		Release|x86 = Release|x86
	EndGlobalSection
	GlobalSection(ProjectConfigurationPlatforms) = postSolution
		{26E44F4E-62E7-4405-A99A-AA83D6080AD7}.Debug|x86.ActiveCfg = Debug|x86
		{26E44F4E-62E7-4405-A99A-AA83D6080AD7}.Debug|x86.Build.0 = Debug|x86
		{26E44F4E-62E7-4405-A99A-AA83D6080AD7}.Release|x86.ActiveCfg = Release|x86
		{26E44F4E-62E7-4405-A99A-AA83D6080AD7}.Release|x86.Build.0 = Release|x86
	EndGlobalSection
	GlobalSection(SolutionProperties) = preSolution
		HideSolutionNode = FALSE
	EndGlobalSection
	GlobalSection(Performance) = preSolution
		HasPerformanceSessions = true
	EndGlobalSection
EndGlobal
